{
	"name": "@thundercraft5/tsconfig",
	"version": "1.0.1",
	"lockfileVersion": 2,
	"requires": true,
	"packages": {
		"": {
			"name": "@thundercraft5/tsconfig",
			"version": "1.0.1",
			"license": "MIT",
			"devDependencies": {
				"typescript": "4.8.0-dev.20220520"
			},
			"engines": {
				"node": "18x"
			}
		},
		"node_modules/typescript": {
			"version": "4.8.0-dev.20220520",
			"resolved": "https://registry.npmjs.org/typescript/-/typescript-4.8.0-dev.20220520.tgz",
			"integrity": "sha512-OLLEy7nRAUVunVn893E0QLf+pNitQQa+CBN4ZR3LpTIbK2VSPTIPX5wAFfVPZeuxXWn8mzCOammnyTAMFWpoEg==",
			"dev": true,
			"bin": {
				"tsc": "bin/tsc",
				"tsserver": "bin/tsserver"
			},
			"engines": {
				"node": ">=4.2.0"
			}
		}
	},
	"dependencies": {
		"typescript": {
			"version": "4.8.0-dev.20220520",
			"resolved": "https://registry.npmjs.org/typescript/-/typescript-4.8.0-dev.20220520.tgz",
			"integrity": "sha512-OLLEy7nRAUVunVn893E0QLf+pNitQQa+CBN4ZR3LpTIbK2VSPTIPX5wAFfVPZeuxXWn8mzCOammnyTAMFWpoEg==",
			"dev": true
		}
	}
}
